<?xml version="1.0" encoding="utf-8"?>
<Project ToolsVersion="4.0" xmlns="http://schemas.microsoft.com/developer/msbuild/2003">
  <ItemGroup>
    <Filter Include="源文件">
      <UniqueIdentifier>{4FC737F1-C7A5-4376-A066-2A32D752A2FF}</UniqueIdentifier>
      <Extensions>cpp;c;cc;cxx;c++;cppm;ixx;def;odl;idl;hpj;bat;asm;asmx</Extensions>
    </Filter>
    <Filter Include="头文件">
      <UniqueIdentifier>{93995380-89BD-4b04-88EB-625FBE52EBFB}</UniqueIdentifier>
      <Extensions>h;hh;hpp;hxx;h++;hm;inl;inc;ipp;xsd</Extensions>
    </Filter>
    <Filter Include="资源文件">
      <UniqueIdentifier>{67DA6AB6-F800-4c08-8B7A-83BB121AAD01}</UniqueIdentifier>
      <Extensions>rc;ico;cur;bmp;dlg;rc2;rct;bin;rgs;gif;jpg;jpeg;jpe;resx;tiff;tif;png;wav;mfcribbon-ms</Extensions>
    </Filter>
    <Filter Include="源文件\comon">
      <UniqueIdentifier>{de99b724-0265-4f27-a298-79b5593babb5}</UniqueIdentifier>
    </Filter>
    <Filter Include="源文件\SQLiteCpp">
      <UniqueIdentifier>{10a9046c-76f1-4318-ab9c-e0444893360d}</UniqueIdentifier>
    </Filter>
  </ItemGroup>
  <ItemGroup>
    <ClCompile Include="comon\arch.cpp">
      <Filter>源文件\comon</Filter>
    </ClCompile>
    <ClCompile Include="comon\cohelp.cpp">
      <Filter>源文件\comon</Filter>
    </ClCompile>
    <ClCompile Include="comon\cometa.cpp">
      <Filter>源文件\comon</Filter>
    </ClCompile>
    <ClCompile Include="comon\cometa_helpers.cpp">
      <Filter>源文件\comon</Filter>
    </ClCompile>
    <ClCompile Include="comon\comonitor.cpp">
      <Filter>源文件\comon</Filter>
    </ClCompile>
    <ClCompile Include="comon\comonitor_com_breakpoints.cpp">
      <Filter>源文件\comon</Filter>
    </ClCompile>
    <ClCompile Include="comon\dbgsession.cpp">
      <Filter>源文件\comon</Filter>
    </ClCompile>
    <ClCompile Include="comon\ext.cpp">
      <Filter>源文件\comon</Filter>
    </ClCompile>
    <ClCompile Include="comon\helpers.cpp">
      <Filter>源文件\comon</Filter>
    </ClCompile>
    <ClCompile Include="SQLiteCpp\src\Backup.cpp">
      <Filter>源文件\SQLiteCpp</Filter>
    </ClCompile>
    <ClCompile Include="SQLiteCpp\src\Column.cpp">
      <Filter>源文件\SQLiteCpp</Filter>
    </ClCompile>
    <ClCompile Include="SQLiteCpp\src\Database.cpp">
      <Filter>源文件\SQLiteCpp</Filter>
    </ClCompile>
    <ClCompile Include="SQLiteCpp\src\Exception.cpp">
      <Filter>源文件\SQLiteCpp</Filter>
    </ClCompile>
    <ClCompile Include="SQLiteCpp\src\Savepoint.cpp">
      <Filter>源文件\SQLiteCpp</Filter>
    </ClCompile>
    <ClCompile Include="SQLiteCpp\src\Statement.cpp">
      <Filter>源文件\SQLiteCpp</Filter>
    </ClCompile>
    <ClCompile Include="SQLiteCpp\src\Transaction.cpp">
      <Filter>源文件\SQLiteCpp</Filter>
    </ClCompile>
    <ClCompile Include="SQLiteCpp\sqlite3\sqlite3.c">
      <Filter>源文件\SQLiteCpp</Filter>
    </ClCompile>
  </ItemGroup>
  <ItemGroup>
    <None Include="ext.def">
      <Filter>源文件</Filter>
    </None>
  </ItemGroup>
</Project>